
Microsoft Visual Studio Solution File, Format Version 12.00
# Visual Studio Version 16
VisualStudioVersion = 16.0.30517.126
MinimumVisualStudioVersion = 10.0.40219.1
Project("{9A19103F-16F7-4668-BE54-9A1E7A4F7556}") = "Paginator.Core", "src\Core\Paginator.Core.csproj", "{B75EDAB8-F9A9-429F-B039-C8C13F30E851}"
EndProject
Project("{9A19103F-16F7-4668-BE54-9A1E7A4F7556}") = "Paginator.EfCore", "src\EfCore\Paginator.EfCore.csproj", "{5BA0F841-2582-4106-8945-16851E9A85A3}"
EndProject
Project("{9A19103F-16F7-4668-BE54-9A1E7A4F7556}") = "Paginator.FluentValidation", "src\FluentValidation\Paginator.FluentValidation.csproj", "{6D5FFBB4-3CD6-45E2-A5F4-3E4836EA3AD6}"
EndProject
Project("{9A19103F-16F7-4668-BE54-9A1E7A4F7556}") = "Paginator", "src\Paginator\Paginator.csproj", "{D59A0FAD-5A5B-4B9A-807B-276F78D2FE6F}"
EndProject
Global
	GlobalSection(SolutionConfigurationPlatforms) = preSolution
		Debug|Any CPU = Debug|Any CPU
		Release|Any CPU = Release|Any CPU
	EndGlobalSection
	GlobalSection(ProjectConfigurationPlatforms) = postSolution
		{B75EDAB8-F9A9-429F-B039-C8C13F30E851}.Debug|Any CPU.ActiveCfg = Debug|Any CPU
		{B75EDAB8-F9A9-429F-B039-C8C13F30E851}.Debug|Any CPU.Build.0 = Debug|Any CPU
		{B75EDAB8-F9A9-429F-B039-C8C13F30E851}.Release|Any CPU.ActiveCfg = Release|Any CPU
		{B75EDAB8-F9A9-429F-B039-C8C13F30E851}.Release|Any CPU.Build.0 = Release|Any CPU
		{5BA0F841-2582-4106-8945-16851E9A85A3}.Debug|Any CPU.ActiveCfg = Debug|Any CPU
		{5BA0F841-2582-4106-8945-16851E9A85A3}.Debug|Any CPU.Build.0 = Debug|Any CPU
		{5BA0F841-2582-4106-8945-16851E9A85A3}.Release|Any CPU.ActiveCfg = Release|Any CPU
		{5BA0F841-2582-4106-8945-16851E9A85A3}.Release|Any CPU.Build.0 = Release|Any CPU
		{6D5FFBB4-3CD6-45E2-A5F4-3E4836EA3AD6}.Debug|Any CPU.ActiveCfg = Debug|Any CPU
		{6D5FFBB4-3CD6-45E2-A5F4-3E4836EA3AD6}.Debug|Any CPU.Build.0 = Debug|Any CPU
		{6D5FFBB4-3CD6-45E2-A5F4-3E4836EA3AD6}.Release|Any CPU.ActiveCfg = Release|Any CPU
		{6D5FFBB4-3CD6-45E2-A5F4-3E4836EA3AD6}.Release|Any CPU.Build.0 = Release|Any CPU
		{D59A0FAD-5A5B-4B9A-807B-276F78D2FE6F}.Debug|Any CPU.ActiveCfg = Debug|Any CPU
		{D59A0FAD-5A5B-4B9A-807B-276F78D2FE6F}.Debug|Any CPU.Build.0 = Debug|Any CPU
		{D59A0FAD-5A5B-4B9A-807B-276F78D2FE6F}.Release|Any CPU.ActiveCfg = Release|Any CPU
		{D59A0FAD-5A5B-4B9A-807B-276F78D2FE6F}.Release|Any CPU.Build.0 = Release|Any CPU
	EndGlobalSection
	GlobalSection(SolutionProperties) = preSolution
		HideSolutionNode = FALSE
	EndGlobalSection
	GlobalSection(ExtensibilityGlobals) = postSolution
		SolutionGuid = {E3690936-2110-4645-82ED-BD7973BB394F}
	EndGlobalSection
EndGlobal
